[[package]]
category = "dev"
description = "Disable App Nap on OS X 10.9"
marker = "sys_platform == \"darwin\""
name = "appnope"
optional = false
python-versions = "*"
version = "0.1.0"

[[package]]
category = "dev"
description = "Specifications for callback functions passed in to an API"
name = "backcall"
optional = false
python-versions = "*"
version = "0.1.0"

[[package]]
category = "main"
description = "Amazon Web Services Library"
name = "boto"
optional = false
python-versions = "*"
version = "2.49.0"

[[package]]
category = "main"
description = "The AWS SDK for Python"
name = "boto3"
optional = false
python-versions = "*"
version = "1.10.14"

[package.dependencies]
botocore = ">=1.13.14,<1.14.0"
jmespath = ">=0.7.1,<1.0.0"
s3transfer = ">=0.2.0,<0.3.0"

[[package]]
category = "main"
description = "Low-level, data-driven core of boto 3."
name = "botocore"
optional = false
python-versions = "*"
version = "1.13.14"

[package.dependencies]
docutils = ">=0.10,<0.16"
jmespath = ">=0.7.1,<1.0.0"

[package.dependencies.python-dateutil]
python = ">=2.7"
version = ">=2.1,<2.8.1"

[package.dependencies.urllib3]
python = ">=3.4"
version = ">=1.20,<1.26"

[[package]]
category = "main"
description = "Python package for providing Mozilla's CA Bundle."
name = "certifi"
optional = false
python-versions = "*"
version = "2019.9.11"

[[package]]
category = "main"
description = "Universal encoding detector for Python 2 and 3"
name = "chardet"
optional = false
python-versions = "*"
version = "3.0.4"

[[package]]
category = "dev"
description = "Cross-platform colored terminal text."
marker = "sys_platform == \"win32\""
name = "colorama"
optional = false
python-versions = ">=2.7, !=3.0.*, !=3.1.*, !=3.2.*, !=3.3.*"
version = "0.4.1"

[[package]]
category = "dev"
description = "Decorators for Humans"
name = "decorator"
optional = false
python-versions = ">=2.6, !=3.0.*, !=3.1.*"
version = "4.4.1"

[[package]]
category = "main"
description = "Docutils -- Python Documentation Utilities"
name = "docutils"
optional = false
python-versions = ">=2.6, !=3.0.*, !=3.1.*, !=3.2.*"
version = "0.15.2"

[[package]]
category = "main"
description = "Python framework for fast Vector Space Modelling"
name = "gensim"
optional = false
python-versions = "*"
version = "3.8.1"

[package.dependencies]
numpy = ">=1.11.3,<=1.16.1"
scipy = ">=0.18.1"
six = ">=1.5.0"
smart-open = ">=1.8.1"

[[package]]
category = "main"
description = "Internationalized Domain Names in Applications (IDNA)"
name = "idna"
optional = false
python-versions = ">=2.7, !=3.0.*, !=3.1.*, !=3.2.*, !=3.3.*"
version = "2.8"

[[package]]
category = "dev"
description = "IPython: Productive Interactive Computing"
name = "ipython"
optional = false
python-versions = ">=3.5"
version = "7.9.0"

[package.dependencies]
appnope = "*"
backcall = "*"
colorama = "*"
decorator = "*"
jedi = ">=0.10"
pexpect = "*"
pickleshare = "*"
prompt-toolkit = ">=2.0.0,<2.1.0"
pygments = "*"
setuptools = ">=18.5"
traitlets = ">=4.2"

[[package]]
category = "dev"
description = "Vestigial utilities from IPython"
name = "ipython-genutils"
optional = false
python-versions = "*"
version = "0.2.0"

[[package]]
category = "dev"
description = "An autocompletion tool for Python that can be used for text editors."
name = "jedi"
optional = false
python-versions = ">=2.7, !=3.0.*, !=3.1.*, !=3.2.*, !=3.3.*"
version = "0.15.1"

[package.dependencies]
parso = ">=0.5.0"

[[package]]
category = "main"
description = "JSON Matching Expressions"
name = "jmespath"
optional = false
python-versions = "*"
version = "0.9.4"

[[package]]
category = "main"
description = "NumPy is the fundamental package for array computing with Python."
name = "numpy"
optional = false
python-versions = ">=2.7,!=3.0.*,!=3.1.*,!=3.2.*,!=3.3.*"
version = "1.16.1"

[[package]]
category = "dev"
description = "A Python Parser"
name = "parso"
optional = false
python-versions = "*"
version = "0.5.1"

[[package]]
category = "dev"
description = "Pexpect allows easy control of interactive console applications."
marker = "sys_platform != \"win32\""
name = "pexpect"
optional = false
python-versions = "*"
version = "4.7.0"

[package.dependencies]
ptyprocess = ">=0.5"

[[package]]
category = "dev"
description = "Tiny 'shelve'-like database with concurrency support"
name = "pickleshare"
optional = false
python-versions = "*"
version = "0.7.5"

[[package]]
category = "dev"
description = "Library for building powerful interactive command lines in Python"
name = "prompt-toolkit"
optional = false
python-versions = ">=2.6, !=3.0.*, !=3.1.*, !=3.2.*"
version = "2.0.10"

[package.dependencies]
six = ">=1.9.0"
wcwidth = "*"

[[package]]
category = "dev"
description = "Run a subprocess in a pseudo terminal"
marker = "sys_platform != \"win32\""
name = "ptyprocess"
optional = false
python-versions = "*"
version = "0.6.0"

[[package]]
category = "dev"
description = "Pygments is a syntax highlighting package written in Python."
name = "pygments"
optional = false
python-versions = ">=2.7, !=3.0.*, !=3.1.*, !=3.2.*, !=3.3.*, !=3.4.*"
version = "2.4.2"

[[package]]
category = "main"
description = "Extensions to the standard Python datetime module"
marker = "python_version >= \"2.7\""
name = "python-dateutil"
optional = false
python-versions = ">=2.7, !=3.0.*, !=3.1.*, !=3.2.*"
version = "2.8.0"

[package.dependencies]
six = ">=1.5"

[[package]]
category = "main"
description = "Python HTTP for Humans."
name = "requests"
optional = false
python-versions = ">=2.7, !=3.0.*, !=3.1.*, !=3.2.*, !=3.3.*, !=3.4.*"
version = "2.22.0"

[package.dependencies]
certifi = ">=2017.4.17"
chardet = ">=3.0.2,<3.1.0"
idna = ">=2.5,<2.9"
urllib3 = ">=1.21.1,<1.25.0 || >1.25.0,<1.25.1 || >1.25.1,<1.26"

[[package]]
category = "main"
description = "An Amazon S3 Transfer Manager"
name = "s3transfer"
optional = false
python-versions = "*"
version = "0.2.1"

[package.dependencies]
botocore = ">=1.12.36,<2.0.0"

[[package]]
category = "main"
description = "SciPy: Scientific Library for Python"
name = "scipy"
optional = false
python-versions = ">=3.5"
version = "1.3.2"

[package.dependencies]
numpy = ">=1.13.3"

[[package]]
category = "main"
description = "Python 2 and 3 compatibility utilities"
name = "six"
optional = false
python-versions = ">=2.6, !=3.0.*, !=3.1.*"
version = "1.13.0"

[[package]]
category = "main"
description = "Utils for streaming large files (S3, HDFS, gzip, bz2...)"
name = "smart-open"
optional = false
python-versions = "*"
version = "1.9.0"

[package.dependencies]
boto = ">=2.32"
boto3 = "*"
requests = "*"

[[package]]
category = "dev"
description = "Traitlets Python config system"
name = "traitlets"
optional = false
python-versions = "*"
version = "4.3.3"

[package.dependencies]
decorator = "*"
ipython-genutils = "*"
six = "*"

[[package]]
category = "main"
description = "HTTP library with thread-safe connection pooling, file post, and more."
name = "urllib3"
optional = false
python-versions = ">=2.7, !=3.0.*, !=3.1.*, !=3.2.*, !=3.3.*, <4"
version = "1.25.6"

[[package]]
category = "dev"
description = "Measures number of Terminal column cells of wide-character codes"
name = "wcwidth"
optional = false
python-versions = "*"
version = "0.1.7"

[metadata]
content-hash = "16be1398d20071806d0f8cfe61b499a57cef856e80a064a93426b9e1b1e34417"
python-versions = "^3.7"

[metadata.hashes]
appnope = ["5b26757dc6f79a3b7dc9fab95359328d5747fcb2409d331ea66d0272b90ab2a0", "8b995ffe925347a2138d7ac0fe77155e4311a0ea6d6da4f5128fe4b3cbe5ed71"]
backcall = ["38ecd85be2c1e78f77fd91700c76e14667dc21e2713b63876c0eb901196e01e4", "bbbf4b1e5cd2bdb08f915895b51081c041bac22394fdfcfdfbe9f14b77c08bf2"]
boto = ["147758d41ae7240dc989f0039f27da8ca0d53734be0eb869ef16e3adcfa462e8", "ea0d3b40a2d852767be77ca343b58a9e3a4b00d9db440efb8da74b4e58025e5a"]
boto3 = ["aa40df7958bb274fad45ce6cc9ae1c77aac3b4cf33c34684646b42583a52d7e0", "cb8f2531c22a4cf7847f62a9e23c2611300b6fdbcad577f67a9b56b686f78dd5"]
botocore = ["48ad5efd98e0570df13a73e6463da2a9d9422f47a943b6ef74f950695c23dbb0", "d789f30a5def264b9d21a917aeadc4e5fc2b6a03a61f222befcfaf80eaba86e5"]
certifi = ["e4f3620cfea4f83eedc95b24abd9cd56f3c4b146dd0177e83a21b4eb49e21e50", "fd7c7c74727ddcf00e9acd26bba8da604ffec95bf1c2144e67aff7a8b50e6cef"]
chardet = ["84ab92ed1c4d4f16916e05906b6b75a6c0fb5db821cc65e70cbd64a3e2a5eaae", "fc323ffcaeaed0e0a02bf4d117757b98aed530d9ed4531e3e15460124c106691"]
colorama = ["05eed71e2e327246ad6b38c540c4a3117230b19679b875190486ddd2d721422d", "f8ac84de7840f5b9c4e3347b3c1eaa50f7e49c2b07596221daec5edaabbd7c48"]
decorator = ["54c38050039232e1db4ad7375cfce6748d7b41c29e95a081c8a6d2c30364a2ce", "5d19b92a3c8f7f101c8dd86afd86b0f061a8ce4540ab8cd401fa2542756bce6d"]
docutils = ["6c4f696463b79f1fb8ba0c594b63840ebd41f059e92b31957c46b74a4599b6d0", "9e4d7ecfc600058e07ba661411a2b7de2fd0fafa17d1a7f7361cd47b1175c827", "a2aeea129088da402665e92e0b25b04b073c04b2dce4ab65caaa38b7ce2e1a99"]
gensim = ["03edf191f1ada39db767fd593f8f9cee20e25dd17f5df9b8c71a2355113f7e7e", "091db4e1489399192214dd2466e7c5b4f9cd82c2ba8dfa468a6572cde11c8558", "10d0a01a541aa9810add46fe2ccb043a86d99f5075f8dc35466f65949adcb64c", "11c01f38a77579b4fda635b92f1231b2986d9fefff44af401c2d106901b9342a", "1a302a0829eaa023fa6e91e3b489e5b6173127124f2bfbdfa4118b75bd402264", "1b747baf65b51e101db5b4b8eb84ac2c400ab81c3fb0758ff5f879693e936ce3", "1cfd541f4a8651d5d24f61b35a263573bb3464f1d72d12366c4ab15931c81fad", "267983deeb6969a43f7366a188c4f5f2942a49271b7dbdfc07066707fb2029e2", "33277fc0a8d7b0c7ce70fcc74bb82ad39f944c009b334856c6e86bf552b1dfdc", "36518200175c708e762f5763f34b1e5a6b64e7844f2c172afd480231361192fd", "3cae31d081a1770eda226c63290da198c0fa55a4b680ed18eb5360a4be9bd5da", "3dba0af2c02bbcf30496b2fab7378e4190cad32a6a1145eec0f2cb5a40189c73", "458c2dea186e7e35fa417b13060c4c5ce63e90c36240c745574a95c2b02c425b", "498bc173df0cebb430e01d9860d8cb9a1d4724537da3b3b1b6ec371ddd86794e", "49cb7fe8edc70aef22cdc884d7b8b9b22f892ae5918e2ca8e21bd9c13df02383", "4e5344a07e6646198669befb3f6d3d25209693a904863293da2b0233c5526686", "56fc56f1b8044f33c29ab3f5416d05a1655223a7654cc0887e4e0a17f50e6006", "58f28f6dd25cb4f83ace8b6be1e132d56acfd60b823241e84bb8cba2e9676a39", "6c7065de589edd53cd42f4e5bbae8a821d285c75f12412ee0e32c972f14672c1", "734c8fcd65068f06c1da37beeec7b22a9380faa63a307a99b0bb109560e05e47", "88ad391dff5117a3521538b77e724013dc0c751d0c96bd5e8026bcf759e2afe1", "a4d9806496823c5e4f787118b87e55f61360ece0ea0fbebef7eb0782492077d9", "ace82a26c9d4663fbe55c2d84ee168edd0e9e23062a0961ff99575615ca4603a", "afca1f0081b5e1ce3f07d7ac540196c1af81b9d0513fbd8c4744cc7910922e09", "b08c526ce5dabceb042499c7711e229fb3d2874f69a83dbcab77a35bedac8552", "ba19d8021554c773420321cc0b1ad5ed1f0cd5d14c08a24631263f23d6e8c14e", "bd0e40149a6f07961123f8770b68050366b6772f38521c75a9d0b03242cb9fde", "d3b3cb01e4e997731c41944ffbfce2af67585c6a60fd4fc4a02909dff77021aa", "d9f13b7f0c425b632f18b0b7c87551a0e0d87695506e63153b442e137a4a69fd", "db3b8cfc03e9b7e4c93ea2221cb82d9719fcc3cd16201191f45f12e3c9b0f206", "ef51a5aada90ce0f8f13be750e8d8460bd33e2793c2e74bb453fb1ce7b7ba79d"]
idna = ["c357b3f628cf53ae2c4c05627ecc484553142ca23264e593d327bcde5e9c3407", "ea8b7f6188e6fa117537c3df7da9fc686d485087abf6ac197f9c46432f7e4a3c"]
ipython = ["dfd303b270b7b5232b3d08bd30ec6fd685d8a58cabd54055e3d69d8f029f7280", "ed7ebe1cba899c1c3ccad6f7f1c2d2369464cc77dba8eebc65e2043e19cda995"]
ipython-genutils = ["72dd37233799e619666c9f639a9da83c34013a73e8bbc79a7a6348d93c61fab8", "eb2e116e75ecef9d4d228fdc66af54269afa26ab4463042e33785b887c628ba8"]
jedi = ["786b6c3d80e2f06fd77162a07fed81b8baa22dde5d62896a790a331d6ac21a27", "ba859c74fa3c966a22f2aeebe1b74ee27e2a462f56d3f5f7ca4a59af61bfe42e"]
jmespath = ["3720a4b1bd659dd2eecad0666459b9788813e032b83e7ba58578e48254e0a0e6", "bde2aef6f44302dfb30320115b17d030798de8c4110e28d5cf6cf91a7a31074c"]
numpy = ["0cdbbaa30ae69281b18dd995d3079c4e552ad6d5426977f66b9a2a95f11f552a", "2b0cca1049bd39d1879fa4d598624cafe82d35529c72de1b3d528d68031cdd95", "31d3fe5b673e99d33d70cfee2ea8fe8dccd60f265c3ed990873a88647e3dd288", "34dd4922aab246c39bf5df03ca653d6265e65971deca6784c956bf356bca6197", "384e2dfa03da7c8d54f8f934f61b6a5e4e1ebb56a65b287567629d6c14578003", "392e2ea22b41a22c0289a88053204b616181288162ba78e6823e1760309d5277", "4341a39fc085f31a583be505eabf00e17c619b469fef78dc7e8241385bfddaa4", "45080f065dcaa573ebecbfe13cdd86e8c0a68c4e999aa06bd365374ea7137706", "485cb1eb4c9962f4cd042fed9424482ec1d83fee5dc2ef3f2552ac47852cb259", "575cefd28d3e0da85b0864506ae26b06483ee4a906e308be5a7ad11083f9d757", "62784b35df7de7ca4d0d81c5b6af5983f48c5cdef32fc3635b445674e56e3266", "69c152f7c11bf3b4fc11bc4cc62eb0334371c0db6844ebace43b7c815b602805", "6ccfdcefd287f252cf1ea7a3f1656070da330c4a5658e43ad223269165cdf977", "7298fbd73c0b3eff1d53dc9b9bdb7add8797bb55eeee38c8ccd7906755ba28af", "79463d918d1bf3aeb9186e3df17ddb0baca443f41371df422f99ee94f4f2bbfe", "8bbee788d82c0ac656536de70e817af09b7694f5326b0ef08e5c1014fcb96bb3", "a863957192855c4c57f60a75a1ac06ce5362ad18506d362dd807e194b4baf3ce", "ae602ba425fb2b074e16d125cdce4f0194903da935b2e7fe284ebecca6d92e76", "b13faa258b20fa66d29011f99fdf498641ca74a0a6d9266bc27d83c70fea4a6a", "c2c39d69266621dd7464e2bb740d6eb5abc64ddc339cc97aa669f3bb4d75c103", "e9c88f173d31909d881a60f08a8494e63f1aff2a4052476b24d4f50e82c47e24", "f1a29267ac29fff0913de0f11f3a9edfcd3f39595f467026c29376fad243ebe3", "f69dde0c5a137d887676a8129373e44366055cf19d1b434e853310c7a1e68f93"]
parso = ["63854233e1fadb5da97f2744b6b24346d2750b85965e7e399bec1620232797dc", "666b0ee4a7a1220f65d367617f2cd3ffddff3e205f3f16a0284df30e774c2a9c"]
pexpect = ["2094eefdfcf37a1fdbfb9aa090862c1a4878e5c7e0e7e7088bdb511c558e5cd1", "9e2c1fd0e6ee3a49b28f95d4b33bc389c89b20af6a1255906e90ff1262ce62eb"]
pickleshare = ["87683d47965c1da65cdacaf31c8441d12b8044cdec9aca500cd78fc2c683afca", "9649af414d74d4df115d5d718f82acb59c9d418196b7b4290ed47a12ce62df56"]
prompt-toolkit = ["46642344ce457641f28fc9d1c9ca939b63dadf8df128b86f1b9860e59c73a5e4", "e7f8af9e3d70f514373bf41aa51bc33af12a6db3f71461ea47fea985defb2c31", "f15af68f66e664eaa559d4ac8a928111eebd5feda0c11738b5998045224829db"]
ptyprocess = ["923f299cc5ad920c68f2bc0bc98b75b9f838b93b599941a6b63ddbc2476394c0", "d7cc528d76e76342423ca640335bd3633420dc1366f258cb31d05e865ef5ca1f"]
pygments = ["71e430bc85c88a430f000ac1d9b331d2407f681d6f6aec95e8bcfbc3df5b0127", "881c4c157e45f30af185c1ffe8d549d48ac9127433f2c380c24b84572ad66297"]
python-dateutil = ["7e6584c74aeed623791615e26efd690f29817a27c73085b78e4bad02493df2fb", "c89805f6f4d64db21ed966fda138f8a5ed7a4fdbc1a8ee329ce1b74e3c74da9e"]
requests = ["11e007a8a2aa0323f5a921e9e6a2d7e4e67d9877e85773fba9ba6419025cbeb4", "9cf5292fcd0f598c671cfc1e0d7d1a7f13bb8085e9a590f48c010551dc6c4b31"]
s3transfer = ["6efc926738a3cd576c2a79725fed9afde92378aa5c6a957e3af010cb019fac9d", "b780f2411b824cb541dbcd2c713d0cb61c7d1bcadae204cdddda2b35cef493ba"]
scipy = ["0359576d8cc058bd615999cf985e2423dc6cc824666d60e8b8d4810569a04655", "07673b5b96dbe28c88f3a53ca9af67f802aa853de7402e31f473b4dd6501c799", "0f81e71149539ac09053a3f9165659367b060eceef3bbde11e6600e1c341f1f2", "125aa82f7b3d4bd7f77fed6c3c6e31be47e33f129d829799569389ae59f913e7", "2dc26e5b3eb86b7adad506b6b04020f6a87e1102c9acd039e937d28bdcee7fa6", "2e4b5fdb635dd425bf46fbd6381612692d3c795f1eb6fe62410305a440691d46", "33ac3213ee617bbc0eac84d02b130d69093ed7738afb281dfdeb12a9dbdf1530", "34c48d922760782732d6f8f4532e320984d1280763c6787c6582021d34c8ad79", "3f556f63e070e9596624e42e99d23b259d8f0fc63ec093bef97a9f1c579565b2", "470d8fc76ccab6cfff60a9de4ce316a23ee7f63615d948c7446dc7c1bb45042d", "4ad7a3ae9831d2085d6f50b81bfcd76368293eafdf31f4ac9f109c6061309c24", "61812a7db0d9bc3f13653e52b8ddb1935cf444ec55f39160fc2778aeb2719057", "7a0477929e6f9d5928fe81fe75d00b7da9545a49109e66028d85848b18aeef99", "9c3221039da50f3b60da70b65d6b020ea26cefbb097116cfec696010432d1f6c", "a03939b431994289f39373c57bbe452974a7da724ae7f9620a1beee575434da4", "df4dbd3d40db3f667e0145dba5f50954bf28b2dd5b8b400c79d5e3fe8cb67ce2", "e837c8068bd1929a533e9d51562faf6584ddb5303d9e218d8c11aa4719dcd617", "ecfd45ca0ce1d6c13bef17794b4052cc9a9574f4be8d44c9bcfd7e34294bd2d7", "ee5888c62cd83c9bf9927ffcee08434e7d5c81a8f31e5b85af5470e511022c08", "f018892621b787b9abf76d51d1f0c21611c71752ebb1891ccf7992e0bf973708", "f2d5db81d90d14a32d4aff920f52fca5639bcaaaf87b4f61bce83a1d238f49fc"]
six = ["1f1b7d42e254082a9db6279deae68afb421ceba6158efa6131de7b3003ee93fd", "30f610279e8b2578cab6db20741130331735c781b56053c59c4076da27f06b66"]
smart-open = ["e64c2b5e62a452fa7fc4d21aecbada826ca21097bbe117841f8f4fc53dbab676"]
traitlets = ["70b4c6a1d9019d7b4f6846832288f86998aa3b9207c6821f3578a6a6a467fe44", "d023ee369ddd2763310e4c3eae1ff649689440d4ae59d7485eb4cfbbe3e359f7"]
urllib3 = ["3de946ffbed6e6746608990594d08faac602528ac7015ac28d33cee6a45b7398", "9a107b99a5393caf59c7aa3c1249c16e6879447533d0887f4336dde834c7be86"]
wcwidth = ["3df37372226d6e63e1b1e1eda15c594bca98a22d33a23832a90998faa96bc65e", "f4ebe71925af7b40a864553f761ed559b43544f8f71746c2d756c7fe788ade7c"]
